
Microsoft Visual Studio Solution File, Format Version 12.00
# Visual Studio 15
VisualStudioVersion = 15.0.27004.2002
MinimumVisualStudioVersion = 10.0.40219.1
Project("{FAE04EC0-301F-11D3-BF4B-00C04F79EFBC}") = "photomgr2", "photomgr2\photomgr2.csproj", "{72C65AD4-95B6-421C-8D21-E60A074B28F8}"
EndProject
Global
	GlobalSection(SolutionConfigurationPlatforms) = preSolution
		Debug|Any CPU = Debug|Any CPU
		Release|Any CPU = Release|Any CPU
	EndGlobalSection
	GlobalSection(ProjectConfigurationPlatforms) = postSolution
		{72C65AD4-95B6-421C-8D21-E60A074B28F8}.Debug|Any CPU.ActiveCfg = Debug|Any CPU
		{72C65AD4-95B6-421C-8D21-E60A074B28F8}.Debug|Any CPU.Build.0 = Debug|Any CPU
		{72C65AD4-95B6-421C-8D21-E60A074B28F8}.Release|Any CPU.ActiveCfg = Release|Any CPU
		{72C65AD4-95B6-421C-8D21-E60A074B28F8}.Release|Any CPU.Build.0 = Release|Any CPU
	EndGlobalSection
	GlobalSection(SolutionProperties) = preSolution
		HideSolutionNode = FALSE
	EndGlobalSection
	GlobalSection(ExtensibilityGlobals) = postSolution
		SolutionGuid = {E38244E9-1D5E-427F-8F87-9BAFC27E3D22}
	EndGlobalSection
EndGlobal
